
Microsoft Visual Studio Solution File, Format Version 12.00
# Visual Studio Version 17
VisualStudioVersion = 17.8.34330.188
MinimumVisualStudioVersion = 10.0.40219.1
Project("{FAE04EC0-301F-11D3-BF4B-00C04F79EFBC}") = "IndexersAndlaggedArray", "IndexersAndlaggedArray\IndexersAndlaggedArray.csproj", "{5991F680-779B-4AFB-A3B3-8D49A20DF3D4}"
EndProject
Global
	GlobalSection(SolutionConfigurationPlatforms) = preSolution
		Debug|Any CPU = Debug|Any CPU
		Release|Any CPU = Release|Any CPU
	EndGlobalSection
	GlobalSection(ProjectConfigurationPlatforms) = postSolution
		{5991F680-779B-4AFB-A3B3-8D49A20DF3D4}.Debug|Any CPU.ActiveCfg = Debug|Any CPU
		{5991F680-779B-4AFB-A3B3-8D49A20DF3D4}.Debug|Any CPU.Build.0 = Debug|Any CPU
		{5991F680-779B-4AFB-A3B3-8D49A20DF3D4}.Release|Any CPU.ActiveCfg = Release|Any CPU
		{5991F680-779B-4AFB-A3B3-8D49A20DF3D4}.Release|Any CPU.Build.0 = Release|Any CPU
	EndGlobalSection
	GlobalSection(SolutionProperties) = preSolution
		HideSolutionNode = FALSE
	EndGlobalSection
	GlobalSection(ExtensibilityGlobals) = postSolution
		SolutionGuid = {7FF6D6A0-23F3-4701-9FED-D19A00BF5F6B}
	EndGlobalSection
EndGlobal
