
Microsoft Visual Studio Solution File, Format Version 12.00
# Visual Studio Version 17
VisualStudioVersion = 17.8.34330.188
MinimumVisualStudioVersion = 10.0.40219.1
Project("{FAE04EC0-301F-11D3-BF4B-00C04F79EFBC}") = "AsyncawaitDemo", "AsyncawaitDemo\AsyncawaitDemo.csproj", "{6F3E75E0-037B-46CC-9FC2-C606946F4001}"
EndProject
Global
	GlobalSection(SolutionConfigurationPlatforms) = preSolution
		Debug|Any CPU = Debug|Any CPU
		Release|Any CPU = Release|Any CPU
	EndGlobalSection
	GlobalSection(ProjectConfigurationPlatforms) = postSolution
		{6F3E75E0-037B-46CC-9FC2-C606946F4001}.Debug|Any CPU.ActiveCfg = Debug|Any CPU
		{6F3E75E0-037B-46CC-9FC2-C606946F4001}.Debug|Any CPU.Build.0 = Debug|Any CPU
		{6F3E75E0-037B-46CC-9FC2-C606946F4001}.Release|Any CPU.ActiveCfg = Release|Any CPU
		{6F3E75E0-037B-46CC-9FC2-C606946F4001}.Release|Any CPU.Build.0 = Release|Any CPU
	EndGlobalSection
	GlobalSection(SolutionProperties) = preSolution
		HideSolutionNode = FALSE
	EndGlobalSection
	GlobalSection(ExtensibilityGlobals) = postSolution
		SolutionGuid = {D7683A57-A35B-484A-8163-99161915FAC0}
	EndGlobalSection
EndGlobal
