
Microsoft Visual Studio Solution File, Format Version 12.00
# Visual Studio Version 17
VisualStudioVersion = 17.8.34330.188
MinimumVisualStudioVersion = 10.0.40219.1
Project("{FAE04EC0-301F-11D3-BF4B-00C04F79EFBC}") = "SerializationDemo", "SerializationDemo\SerializationDemo.csproj", "{BDA29F64-1022-48D7-9EE4-B23CA6239828}"
	ProjectSection(ProjectDependencies) = postProject
		{A68395AF-D71F-439B-9C98-7B44FEC3FA20} = {A68395AF-D71F-439B-9C98-7B44FEC3FA20}
	EndProjectSection
EndProject
Project("{FAE04EC0-301F-11D3-BF4B-00C04F79EFBC}") = "CustomerLibrary", "CustomerLibrary\CustomerLibrary.csproj", "{A68395AF-D71F-439B-9C98-7B44FEC3FA20}"
EndProject
Global
	GlobalSection(SolutionConfigurationPlatforms) = preSolution
		Debug|Any CPU = Debug|Any CPU
		Release|Any CPU = Release|Any CPU
	EndGlobalSection
	GlobalSection(ProjectConfigurationPlatforms) = postSolution
		{BDA29F64-1022-48D7-9EE4-B23CA6239828}.Debug|Any CPU.ActiveCfg = Debug|Any CPU
		{BDA29F64-1022-48D7-9EE4-B23CA6239828}.Debug|Any CPU.Build.0 = Debug|Any CPU
		{BDA29F64-1022-48D7-9EE4-B23CA6239828}.Release|Any CPU.ActiveCfg = Release|Any CPU
		{BDA29F64-1022-48D7-9EE4-B23CA6239828}.Release|Any CPU.Build.0 = Release|Any CPU
		{A68395AF-D71F-439B-9C98-7B44FEC3FA20}.Debug|Any CPU.ActiveCfg = Debug|Any CPU
		{A68395AF-D71F-439B-9C98-7B44FEC3FA20}.Debug|Any CPU.Build.0 = Debug|Any CPU
		{A68395AF-D71F-439B-9C98-7B44FEC3FA20}.Release|Any CPU.ActiveCfg = Release|Any CPU
		{A68395AF-D71F-439B-9C98-7B44FEC3FA20}.Release|Any CPU.Build.0 = Release|Any CPU
	EndGlobalSection
	GlobalSection(SolutionProperties) = preSolution
		HideSolutionNode = FALSE
	EndGlobalSection
	GlobalSection(ExtensibilityGlobals) = postSolution
		SolutionGuid = {EB2BB92E-CD2C-4962-885E-C8F00FD649CE}
	EndGlobalSection
EndGlobal
